Microsoft Visual Studio Solution File, Format Version 12.00
# Visual Studio Version 17
VisualStudioVersion = 17.5.2.0
MinimumVisualStudioVersion = 10.0.40219.1
Project("{FAE04EC0-301F-11D3-BF4B-00C04F79EFBC}") = "konkurs", "konkurs.csproj", "{35E31E87-BECD-FB95-AD9D-1C729FA1FCEE}"
EndProject
Global
	GlobalSection(SolutionConfigurationPlatforms) = preSolution
		Debug|Any CPU = Debug|Any CPU
		Release|Any CPU = Release|Any CPU
	EndGlobalSection
	GlobalSection(ProjectConfigurationPlatforms) = postSolution
		{35E31E87-BECD-FB95-AD9D-1C729FA1FCEE}.Debug|Any CPU.ActiveCfg = Debug|Any CPU
		{35E31E87-BECD-FB95-AD9D-1C729FA1FCEE}.Debug|Any CPU.Build.0 = Debug|Any CPU
		{35E31E87-BECD-FB95-AD9D-1C729FA1FCEE}.Release|Any CPU.ActiveCfg = Release|Any CPU
		{35E31E87-BECD-FB95-AD9D-1C729FA1FCEE}.Release|Any CPU.Build.0 = Release|Any CPU
	EndGlobalSection
	GlobalSection(SolutionProperties) = preSolution
		HideSolutionNode = FALSE
	EndGlobalSection
	GlobalSection(ExtensibilityGlobals) = postSolution
		SolutionGuid = {C729C8E3-1069-415D-9E47-C43EBE9C02BC}
	EndGlobalSection
EndGlobal
